
Microsoft Visual Studio Solution File, Format Version 12.00
# Visual Studio 15
VisualStudioVersion = 15.0.27130.2027
MinimumVisualStudioVersion = 10.0.40219.1
Project("{FAE04EC0-301F-11D3-BF4B-00C04F79EFBC}") = "KaffeeConsole", "KaffeeConsole\KaffeeConsole.csproj", "{89447D7D-364E-4851-A089-91F0A3E24BC4}"
EndProject
Project("{FAE04EC0-301F-11D3-BF4B-00C04F79EFBC}") = "KaffeeModell", "KaffeeModell\KaffeeModell.csproj", "{1F9CD4D9-91CF-446C-89E1-5B2EBC420595}"
EndProject
Global
	GlobalSection(SolutionConfigurationPlatforms) = preSolution
		Debug|Any CPU = Debug|Any CPU
		Release|Any CPU = Release|Any CPU
	EndGlobalSection
	GlobalSection(ProjectConfigurationPlatforms) = postSolution
		{89447D7D-364E-4851-A089-91F0A3E24BC4}.Debug|Any CPU.ActiveCfg = Debug|Any CPU
		{89447D7D-364E-4851-A089-91F0A3E24BC4}.Debug|Any CPU.Build.0 = Debug|Any CPU
		{89447D7D-364E-4851-A089-91F0A3E24BC4}.Release|Any CPU.ActiveCfg = Release|Any CPU
		{89447D7D-364E-4851-A089-91F0A3E24BC4}.Release|Any CPU.Build.0 = Release|Any CPU
		{1F9CD4D9-91CF-446C-89E1-5B2EBC420595}.Debug|Any CPU.ActiveCfg = Debug|Any CPU
		{1F9CD4D9-91CF-446C-89E1-5B2EBC420595}.Debug|Any CPU.Build.0 = Debug|Any CPU
		{1F9CD4D9-91CF-446C-89E1-5B2EBC420595}.Release|Any CPU.ActiveCfg = Release|Any CPU
		{1F9CD4D9-91CF-446C-89E1-5B2EBC420595}.Release|Any CPU.Build.0 = Release|Any CPU
	EndGlobalSection
	GlobalSection(SolutionProperties) = preSolution
		HideSolutionNode = FALSE
	EndGlobalSection
	GlobalSection(ExtensibilityGlobals) = postSolution
		SolutionGuid = {AAC50DCE-D3BF-4729-83A4-7834609F4894}
	EndGlobalSection
EndGlobal
